
Microsoft Visual Studio Solution File, Format Version 12.00
# Visual Studio Version 17
VisualStudioVersion = 17.4.33213.308
MinimumVisualStudioVersion = 10.0.40219.1
Project("{8BC9CEB8-8B4A-11D0-8D11-00A0C91BC942}") = "WifiAOG", "WifiAOG.vcxproj", "{328F06DE-1891-47AA-8446-0CB2CFE63327}"
EndProject
Global
	GlobalSection(SolutionConfigurationPlatforms) = preSolution
		Debug|ARM = Debug|ARM
		Debug|ARM64 = Debug|ARM64
		Release|ARM = Release|ARM
		Release|ARM64 = Release|ARM64
	EndGlobalSection
	GlobalSection(ProjectConfigurationPlatforms) = postSolution
		{328F06DE-1891-47AA-8446-0CB2CFE63327}.Debug|ARM.ActiveCfg = Debug|ARM
		{328F06DE-1891-47AA-8446-0CB2CFE63327}.Debug|ARM.Build.0 = Debug|ARM
		{328F06DE-1891-47AA-8446-0CB2CFE63327}.Debug|ARM.Deploy.0 = Debug|ARM
		{328F06DE-1891-47AA-8446-0CB2CFE63327}.Debug|ARM64.ActiveCfg = Debug|ARM64
		{328F06DE-1891-47AA-8446-0CB2CFE63327}.Debug|ARM64.Build.0 = Debug|ARM64
		{328F06DE-1891-47AA-8446-0CB2CFE63327}.Debug|ARM64.Deploy.0 = Debug|ARM64
		{328F06DE-1891-47AA-8446-0CB2CFE63327}.Release|ARM.ActiveCfg = Release|ARM
		{328F06DE-1891-47AA-8446-0CB2CFE63327}.Release|ARM.Build.0 = Release|ARM
		{328F06DE-1891-47AA-8446-0CB2CFE63327}.Release|ARM.Deploy.0 = Release|ARM
		{328F06DE-1891-47AA-8446-0CB2CFE63327}.Release|ARM64.ActiveCfg = Release|ARM64
		{328F06DE-1891-47AA-8446-0CB2CFE63327}.Release|ARM64.Build.0 = Release|ARM64
		{328F06DE-1891-47AA-8446-0CB2CFE63327}.Release|ARM64.Deploy.0 = Release|ARM64
	EndGlobalSection
	GlobalSection(SolutionProperties) = preSolution
		HideSolutionNode = FALSE
	EndGlobalSection
	GlobalSection(ExtensibilityGlobals) = postSolution
		SolutionGuid = {99DBDEDF-1EAB-4555-B252-ED5F9EBD1A11}
	EndGlobalSection
EndGlobal
