<?xml version="1.0" encoding="utf-8"?>
<Project ToolsVersion="4.0" xmlns="http://schemas.microsoft.com/developer/msbuild/2003">
  <ItemGroup>
    <Filter Include="Source Files">
      <UniqueIdentifier>{4FC737F1-C7A5-4376-A066-2A32D752A2FF}</UniqueIdentifier>
      <Extensions>cpp;c;cc;cxx;def;odl;idl;hpj;bat;asm;asmx</Extensions>
    </Filter>
    <Filter Include="Header Files">
      <UniqueIdentifier>{93995380-89BD-4b04-88EB-625FBE52EBFB}</UniqueIdentifier>
      <Extensions>h;hh;hpp;hxx;hm;inl;inc;xsd</Extensions>
    </Filter>
    <Filter Include="Resource Files">
      <UniqueIdentifier>{67DA6AB6-F800-4c08-8B7A-83BB121AAD01}</UniqueIdentifier>
      <Extensions>rc;ico;cur;bmp;dlg;rc2;rct;bin;rgs;gif;jpg;jpeg;jpe;resx;tiff;tif;png;wav;mfcribbon-ms</Extensions>
    </Filter>
  </ItemGroup>
  <ItemGroup>
    <ClCompile Include="RCteensy-Isobus.ino" />
    <ClCompile Include="Analog.ino" />
    <ClCompile Include="Begin.ino" />
    <ClCompile Include="CANBus.ino" />
    <ClCompile Include="FlashTxx.c">
      <Filter>Source Files</Filter>
    </ClCompile>
    <ClCompile Include="FlashTxx.h">
      <Filter>Header Files</Filter>
    </ClCompile>
    <ClCompile Include="FXUtil.cpp">
      <Filter>Source Files</Filter>
    </ClCompile>
    <ClCompile Include="FXUtil.h">
      <Filter>Header Files</Filter>
    </ClCompile>
    <ClCompile Include="Motor.ino" />
    <ClCompile Include="PCA95x5_RC.h">
      <Filter>Header Files</Filter>
    </ClCompile>
    <ClCompile Include="PID.ino" />
    <ClCompile Include="Rate.ino" />
    <ClCompile Include="Relays.ino" />
    <ClCompile Include="WheelSpeed.ino" />
    <ClCompile Include="ISOBUS_Speed.ino" />
    <ClCompile Include="ISOBUS_TC.ino" />
    <ClCompile Include="ISOBUS_VT.ino" />
    <ClCompile Include="ISOBUS_VT_ObjectPool.cpp">
      <Filter>Source Files</Filter>
    </ClCompile>
    <ClCompile Include="FirmwareUpdate.ino" />
    <ClCompile Include="Server.ino" />
    <ClCompile Include="Relays_VT.ino" />
    <ClCompile Include="Rate_VT.ino" />
    <ClCompile Include="src\AgIsoStack\can_callbacks.cpp">
      <Filter>Source Files</Filter>
    </ClCompile>
    <ClCompile Include="src\AgIsoStack\can_control_function.cpp">
      <Filter>Source Files</Filter>
    </ClCompile>
    <ClCompile Include="src\AgIsoStack\can_extended_transport_protocol.cpp">
      <Filter>Source Files</Filter>
    </ClCompile>
    <ClCompile Include="src\AgIsoStack\can_hardware_interface_single_thread.cpp">
      <Filter>Source Files</Filter>
    </ClCompile>
    <ClCompile Include="src\AgIsoStack\can_identifier.cpp">
      <Filter>Source Files</Filter>
    </ClCompile>
    <ClCompile Include="src\AgIsoStack\can_internal_control_function.cpp">
      <Filter>Source Files</Filter>
    </ClCompile>
    <ClCompile Include="src\AgIsoStack\can_message.cpp">
      <Filter>Source Files</Filter>
    </ClCompile>
    <ClCompile Include="src\AgIsoStack\can_message_data.cpp">
      <Filter>Source Files</Filter>
    </ClCompile>
    <ClCompile Include="src\AgIsoStack\can_message_frame.cpp">
      <Filter>Source Files</Filter>
    </ClCompile>
    <ClCompile Include="src\AgIsoStack\can_NAME.cpp">
      <Filter>Source Files</Filter>
    </ClCompile>
    <ClCompile Include="src\AgIsoStack\can_NAME_filter.cpp">
      <Filter>Source Files</Filter>
    </ClCompile>
    <ClCompile Include="src\AgIsoStack\can_network_configuration.cpp">
      <Filter>Source Files</Filter>
    </ClCompile>
    <ClCompile Include="src\AgIsoStack\can_network_manager.cpp">
      <Filter>Source Files</Filter>
    </ClCompile>
    <ClCompile Include="src\AgIsoStack\can_parameter_group_number_request_protocol.cpp">
      <Filter>Source Files</Filter>
    </ClCompile>
    <ClCompile Include="src\AgIsoStack\can_partnered_control_function.cpp">
      <Filter>Source Files</Filter>
    </ClCompile>
    <ClCompile Include="src\AgIsoStack\can_stack_logger.cpp">
      <Filter>Source Files</Filter>
    </ClCompile>
    <ClCompile Include="src\AgIsoStack\can_transport_protocol.cpp">
      <Filter>Source Files</Filter>
    </ClCompile>
    <ClCompile Include="src\AgIsoStack\can_transport_protocol_base.cpp">
      <Filter>Source Files</Filter>
    </ClCompile>
    <ClCompile Include="src\AgIsoStack\isobus_data_dictionary.cpp">
      <Filter>Source Files</Filter>
    </ClCompile>
    <ClCompile Include="src\AgIsoStack\isobus_device_descriptor_object_pool.cpp">
      <Filter>Source Files</Filter>
    </ClCompile>
    <ClCompile Include="src\AgIsoStack\isobus_diagnostic_protocol.cpp">
      <Filter>Source Files</Filter>
    </ClCompile>
    <ClCompile Include="src\AgIsoStack\isobus_functionalities.cpp">
      <Filter>Source Files</Filter>
    </ClCompile>
    <ClCompile Include="src\AgIsoStack\isobus_guidance_interface.cpp">
      <Filter>Source Files</Filter>
    </ClCompile>
    <ClCompile Include="src\AgIsoStack\isobus_heartbeat.cpp">
      <Filter>Source Files</Filter>
    </ClCompile>
    <ClCompile Include="src\AgIsoStack\isobus_language_command_interface.cpp">
      <Filter>Source Files</Filter>
    </ClCompile>
    <ClCompile Include="src\AgIsoStack\isobus_maintain_power_interface.cpp">
      <Filter>Source Files</Filter>
    </ClCompile>
    <ClCompile Include="src\AgIsoStack\isobus_shortcut_button_interface.cpp">
      <Filter>Source Files</Filter>
    </ClCompile>
    <ClCompile Include="src\AgIsoStack\isobus_speed_distance_messages.cpp">
      <Filter>Source Files</Filter>
    </ClCompile>
    <ClCompile Include="src\AgIsoStack\isobus_task_controller_client.cpp">
      <Filter>Source Files</Filter>
    </ClCompile>
    <ClCompile Include="src\AgIsoStack\isobus_task_controller_client_objects.cpp">
      <Filter>Source Files</Filter>
    </ClCompile>
    <ClCompile Include="src\AgIsoStack\isobus_time_date_interface.cpp">
      <Filter>Source Files</Filter>
    </ClCompile>
    <ClCompile Include="src\AgIsoStack\isobus_virtual_terminal_client.cpp">
      <Filter>Source Files</Filter>
    </ClCompile>
    <ClCompile Include="src\AgIsoStack\isobus_virtual_terminal_client_state_tracker.cpp">
      <Filter>Source Files</Filter>
    </ClCompile>
    <ClCompile Include="src\AgIsoStack\isobus_virtual_terminal_client_update_helper.cpp">
      <Filter>Source Files</Filter>
    </ClCompile>
    <ClCompile Include="src\AgIsoStack\isobus_virtual_terminal_objects.cpp">
      <Filter>Source Files</Filter>
    </ClCompile>
    <ClCompile Include="src\AgIsoStack\nmea2000_fast_packet_protocol.cpp">
      <Filter>Source Files</Filter>
    </ClCompile>
    <ClCompile Include="src\AgIsoStack\nmea2000_message_definitions.cpp">
      <Filter>Source Files</Filter>
    </ClCompile>
    <ClCompile Include="src\AgIsoStack\nmea2000_message_interface.cpp">
      <Filter>Source Files</Filter>
    </ClCompile>
    <ClCompile Include="src\AgIsoStack\platform_endianness.cpp">
      <Filter>Source Files</Filter>
    </ClCompile>
    <ClCompile Include="src\AgIsoStack\processing_flags.cpp">
      <Filter>Source Files</Filter>
    </ClCompile>
    <ClCompile Include="src\AgIsoStack\system_timing.cpp">
      <Filter>Source Files</Filter>
    </ClCompile>
  </ItemGroup>
  <ItemGroup>
    <ClInclude Include="__vm\.RCteensy-Isobus.vsarduino.h">
      <Filter>Header Files</Filter>
    </ClInclude>
    <ClInclude Include="src\AgIsoStack\AgIsoStack.hpp">
      <Filter>Header Files</Filter>
    </ClInclude>
    <ClInclude Include="src\AgIsoStack\can_badge.hpp">
      <Filter>Header Files</Filter>
    </ClInclude>
    <ClInclude Include="src\AgIsoStack\can_callbacks.hpp">
      <Filter>Header Files</Filter>
    </ClInclude>
    <ClInclude Include="src\AgIsoStack\can_constants.hpp">
      <Filter>Header Files</Filter>
    </ClInclude>
    <ClInclude Include="src\AgIsoStack\can_control_function.hpp">
      <Filter>Header Files</Filter>
    </ClInclude>
    <ClInclude Include="src\AgIsoStack\can_extended_transport_protocol.hpp">
      <Filter>Header Files</Filter>
    </ClInclude>
    <ClInclude Include="src\AgIsoStack\can_general_parameter_group_numbers.hpp">
      <Filter>Header Files</Filter>
    </ClInclude>
    <ClInclude Include="src\AgIsoStack\can_hardware_abstraction.hpp">
      <Filter>Header Files</Filter>
    </ClInclude>
    <ClInclude Include="src\AgIsoStack\can_hardware_interface_single_thread.hpp">
      <Filter>Header Files</Filter>
    </ClInclude>
    <ClInclude Include="src\AgIsoStack\can_hardware_plugin.hpp">
      <Filter>Header Files</Filter>
    </ClInclude>
    <ClInclude Include="src\AgIsoStack\can_identifier.hpp">
      <Filter>Header Files</Filter>
    </ClInclude>
    <ClInclude Include="src\AgIsoStack\can_internal_control_function.hpp">
      <Filter>Header Files</Filter>
    </ClInclude>
    <ClInclude Include="src\AgIsoStack\can_message.hpp">
      <Filter>Header Files</Filter>
    </ClInclude>
    <ClInclude Include="src\AgIsoStack\can_message_data.hpp">
      <Filter>Header Files</Filter>
    </ClInclude>
    <ClInclude Include="src\AgIsoStack\can_message_frame.hpp">
      <Filter>Header Files</Filter>
    </ClInclude>
    <ClInclude Include="src\AgIsoStack\can_NAME.hpp">
      <Filter>Header Files</Filter>
    </ClInclude>
    <ClInclude Include="src\AgIsoStack\can_NAME_filter.hpp">
      <Filter>Header Files</Filter>
    </ClInclude>
    <ClInclude Include="src\AgIsoStack\can_network_configuration.hpp">
      <Filter>Header Files</Filter>
    </ClInclude>
    <ClInclude Include="src\AgIsoStack\can_network_manager.hpp">
      <Filter>Header Files</Filter>
    </ClInclude>
    <ClInclude Include="src\AgIsoStack\can_parameter_group_number_request_protocol.hpp">
      <Filter>Header Files</Filter>
    </ClInclude>
    <ClInclude Include="src\AgIsoStack\can_partnered_control_function.hpp">
      <Filter>Header Files</Filter>
    </ClInclude>
    <ClInclude Include="src\AgIsoStack\can_stack_logger.hpp">
      <Filter>Header Files</Filter>
    </ClInclude>
    <ClInclude Include="src\AgIsoStack\can_transport_protocol.hpp">
      <Filter>Header Files</Filter>
    </ClInclude>
    <ClInclude Include="src\AgIsoStack\can_transport_protocol_base.hpp">
      <Filter>Header Files</Filter>
    </ClInclude>
    <ClInclude Include="src\AgIsoStack\circular_buffer.hpp">
      <Filter>Header Files</Filter>
    </ClInclude>
    <ClInclude Include="src\AgIsoStack\data_span.hpp">
      <Filter>Header Files</Filter>
    </ClInclude>
    <ClInclude Include="src\AgIsoStack\event_dispatcher.hpp">
      <Filter>Header Files</Filter>
    </ClInclude>
    <ClInclude Include="src\AgIsoStack\flex_can_t4_plugin.hpp">
      <Filter>Header Files</Filter>
    </ClInclude>
    <ClInclude Include="src\AgIsoStack\FlexCAN_T4.hpp">
      <Filter>Header Files</Filter>
    </ClInclude>
    <ClInclude Include="src\AgIsoStack\imxrt_flexcan.hpp">
      <Filter>Header Files</Filter>
    </ClInclude>
    <ClInclude Include="src\AgIsoStack\isobus_data_dictionary.hpp">
      <Filter>Header Files</Filter>
    </ClInclude>
    <ClInclude Include="src\AgIsoStack\isobus_device_descriptor_object_pool.hpp">
      <Filter>Header Files</Filter>
    </ClInclude>
    <ClInclude Include="src\AgIsoStack\isobus_diagnostic_protocol.hpp">
      <Filter>Header Files</Filter>
    </ClInclude>
    <ClInclude Include="src\AgIsoStack\isobus_functionalities.hpp">
      <Filter>Header Files</Filter>
    </ClInclude>
    <ClInclude Include="src\AgIsoStack\isobus_guidance_interface.hpp">
      <Filter>Header Files</Filter>
    </ClInclude>
    <ClInclude Include="src\AgIsoStack\isobus_heartbeat.hpp">
      <Filter>Header Files</Filter>
    </ClInclude>
    <ClInclude Include="src\AgIsoStack\isobus_language_command_interface.hpp">
      <Filter>Header Files</Filter>
    </ClInclude>
    <ClInclude Include="src\AgIsoStack\isobus_maintain_power_interface.hpp">
      <Filter>Header Files</Filter>
    </ClInclude>
    <ClInclude Include="src\AgIsoStack\isobus_preferred_addresses.hpp">
      <Filter>Header Files</Filter>
    </ClInclude>
    <ClInclude Include="src\AgIsoStack\isobus_shortcut_button_interface.hpp">
      <Filter>Header Files</Filter>
    </ClInclude>
    <ClInclude Include="src\AgIsoStack\isobus_speed_distance_messages.hpp">
      <Filter>Header Files</Filter>
    </ClInclude>
    <ClInclude Include="src\AgIsoStack\isobus_standard_data_description_indices.hpp">
      <Filter>Header Files</Filter>
    </ClInclude>
    <ClInclude Include="src\AgIsoStack\isobus_task_controller_client.hpp">
      <Filter>Header Files</Filter>
    </ClInclude>
    <ClInclude Include="src\AgIsoStack\isobus_task_controller_client_objects.hpp">
      <Filter>Header Files</Filter>
    </ClInclude>
    <ClInclude Include="src\AgIsoStack\isobus_time_date_interface.hpp">
      <Filter>Header Files</Filter>
    </ClInclude>
    <ClInclude Include="src\AgIsoStack\isobus_virtual_terminal_base.hpp">
      <Filter>Header Files</Filter>
    </ClInclude>
    <ClInclude Include="src\AgIsoStack\isobus_virtual_terminal_client.hpp">
      <Filter>Header Files</Filter>
    </ClInclude>
    <ClInclude Include="src\AgIsoStack\isobus_virtual_terminal_client_state_tracker.hpp">
      <Filter>Header Files</Filter>
    </ClInclude>
    <ClInclude Include="src\AgIsoStack\isobus_virtual_terminal_client_update_helper.hpp">
      <Filter>Header Files</Filter>
    </ClInclude>
    <ClInclude Include="src\AgIsoStack\isobus_virtual_terminal_objects.hpp">
      <Filter>Header Files</Filter>
    </ClInclude>
    <ClInclude Include="src\AgIsoStack\kinetis_flexcan.hpp">
      <Filter>Header Files</Filter>
    </ClInclude>
    <ClInclude Include="src\AgIsoStack\nmea2000_fast_packet_protocol.hpp">
      <Filter>Header Files</Filter>
    </ClInclude>
    <ClInclude Include="src\AgIsoStack\nmea2000_message_definitions.hpp">
      <Filter>Header Files</Filter>
    </ClInclude>
    <ClInclude Include="src\AgIsoStack\nmea2000_message_interface.hpp">
      <Filter>Header Files</Filter>
    </ClInclude>
    <ClInclude Include="src\AgIsoStack\platform_endianness.hpp">
      <Filter>Header Files</Filter>
    </ClInclude>
    <ClInclude Include="src\AgIsoStack\processing_flags.hpp">
      <Filter>Header Files</Filter>
    </ClInclude>
    <ClInclude Include="src\AgIsoStack\system_timing.hpp">
      <Filter>Header Files</Filter>
    </ClInclude>
    <ClInclude Include="src\AgIsoStack\thread_synchronization.hpp">
      <Filter>Header Files</Filter>
    </ClInclude>
    <ClInclude Include="src\AgIsoStack\to_string.hpp">
      <Filter>Header Files</Filter>
    </ClInclude>
  </ItemGroup>
</Project>