
Microsoft Visual Studio Solution File, Format Version 12.00
# Visual Studio Version 17
VisualStudioVersion = 17.9.34701.34
MinimumVisualStudioVersion = 10.0.40219.1
Project("{8BC9CEB8-8B4A-11D0-8D11-00A0C91BC942}") = "RCnano", "RCnano.vcxproj", "{2CAB29EB-4ED3-493E-B70F-D4690971A445}"
EndProject
Global
	GlobalSection(SolutionConfigurationPlatforms) = preSolution
		Debug|ARM = Debug|ARM
		Debug|ARM64 = Debug|ARM64
		Release|ARM = Release|ARM
		Release|ARM64 = Release|ARM64
	EndGlobalSection
	GlobalSection(ProjectConfigurationPlatforms) = postSolution
		{2CAB29EB-4ED3-493E-B70F-D4690971A445}.Debug|ARM.ActiveCfg = Debug|ARM
		{2CAB29EB-4ED3-493E-B70F-D4690971A445}.Debug|ARM.Build.0 = Debug|ARM
		{2CAB29EB-4ED3-493E-B70F-D4690971A445}.Debug|ARM.Deploy.0 = Debug|ARM
		{2CAB29EB-4ED3-493E-B70F-D4690971A445}.Debug|ARM64.ActiveCfg = Debug|ARM64
		{2CAB29EB-4ED3-493E-B70F-D4690971A445}.Debug|ARM64.Build.0 = Debug|ARM64
		{2CAB29EB-4ED3-493E-B70F-D4690971A445}.Debug|ARM64.Deploy.0 = Debug|ARM64
		{2CAB29EB-4ED3-493E-B70F-D4690971A445}.Release|ARM.ActiveCfg = Release|ARM
		{2CAB29EB-4ED3-493E-B70F-D4690971A445}.Release|ARM.Build.0 = Release|ARM
		{2CAB29EB-4ED3-493E-B70F-D4690971A445}.Release|ARM.Deploy.0 = Release|ARM
		{2CAB29EB-4ED3-493E-B70F-D4690971A445}.Release|ARM64.ActiveCfg = Release|ARM64
		{2CAB29EB-4ED3-493E-B70F-D4690971A445}.Release|ARM64.Build.0 = Release|ARM64
		{2CAB29EB-4ED3-493E-B70F-D4690971A445}.Release|ARM64.Deploy.0 = Release|ARM64
	EndGlobalSection
	GlobalSection(SolutionProperties) = preSolution
		HideSolutionNode = FALSE
	EndGlobalSection
	GlobalSection(ExtensibilityGlobals) = postSolution
		SolutionGuid = {D38CA1F9-7048-4C77-90FA-5AC7DCC63C0D}
	EndGlobalSection
EndGlobal
