
Microsoft Visual Studio Solution File, Format Version 12.00
# Visual Studio Version 17
VisualStudioVersion = 17.4.33213.308
MinimumVisualStudioVersion = 10.0.40219.1
Project("{8BC9CEB8-8B4A-11D0-8D11-00A0C91BC942}") = "RCnano", "RCnano.vcxproj", "{DED35D02-9DCE-4842-A58E-0D35A59CFB52}"
EndProject
Global
	GlobalSection(SolutionConfigurationPlatforms) = preSolution
		Debug|ARM = Debug|ARM
		Debug|ARM64 = Debug|ARM64
		Release|ARM = Release|ARM
		Release|ARM64 = Release|ARM64
	EndGlobalSection
	GlobalSection(ProjectConfigurationPlatforms) = postSolution
		{DED35D02-9DCE-4842-A58E-0D35A59CFB52}.Debug|ARM.ActiveCfg = Debug|ARM
		{DED35D02-9DCE-4842-A58E-0D35A59CFB52}.Debug|ARM.Build.0 = Debug|ARM
		{DED35D02-9DCE-4842-A58E-0D35A59CFB52}.Debug|ARM.Deploy.0 = Debug|ARM
		{DED35D02-9DCE-4842-A58E-0D35A59CFB52}.Debug|ARM64.ActiveCfg = Debug|ARM64
		{DED35D02-9DCE-4842-A58E-0D35A59CFB52}.Debug|ARM64.Build.0 = Debug|ARM64
		{DED35D02-9DCE-4842-A58E-0D35A59CFB52}.Debug|ARM64.Deploy.0 = Debug|ARM64
		{DED35D02-9DCE-4842-A58E-0D35A59CFB52}.Release|ARM.ActiveCfg = Release|ARM
		{DED35D02-9DCE-4842-A58E-0D35A59CFB52}.Release|ARM.Build.0 = Release|ARM
		{DED35D02-9DCE-4842-A58E-0D35A59CFB52}.Release|ARM.Deploy.0 = Release|ARM
		{DED35D02-9DCE-4842-A58E-0D35A59CFB52}.Release|ARM64.ActiveCfg = Release|ARM64
		{DED35D02-9DCE-4842-A58E-0D35A59CFB52}.Release|ARM64.Build.0 = Release|ARM64
		{DED35D02-9DCE-4842-A58E-0D35A59CFB52}.Release|ARM64.Deploy.0 = Release|ARM64
	EndGlobalSection
	GlobalSection(SolutionProperties) = preSolution
		HideSolutionNode = FALSE
	EndGlobalSection
	GlobalSection(ExtensibilityGlobals) = postSolution
		SolutionGuid = {92E71E1B-1A03-4000-99C3-18A273513DC6}
	EndGlobalSection
EndGlobal
