
Microsoft Visual Studio Solution File, Format Version 12.00
# Visual Studio Version 17
VisualStudioVersion = 17.4.33213.308
MinimumVisualStudioVersion = 10.0.40219.1
Project("{8BC9CEB8-8B4A-11D0-8D11-00A0C91BC942}") = "RCteensy", "RCteensy.vcxproj", "{B0237515-D750-42EB-AECB-8076D39ED296}"
EndProject
Global
	GlobalSection(SolutionConfigurationPlatforms) = preSolution
		Debug|ARM = Debug|ARM
		Debug|ARM64 = Debug|ARM64
		Release|ARM = Release|ARM
		Release|ARM64 = Release|ARM64
	EndGlobalSection
	GlobalSection(ProjectConfigurationPlatforms) = postSolution
		{B0237515-D750-42EB-AECB-8076D39ED296}.Debug|ARM.ActiveCfg = Debug|ARM
		{B0237515-D750-42EB-AECB-8076D39ED296}.Debug|ARM.Build.0 = Debug|ARM
		{B0237515-D750-42EB-AECB-8076D39ED296}.Debug|ARM.Deploy.0 = Debug|ARM
		{B0237515-D750-42EB-AECB-8076D39ED296}.Debug|ARM64.ActiveCfg = Debug|ARM64
		{B0237515-D750-42EB-AECB-8076D39ED296}.Debug|ARM64.Build.0 = Debug|ARM64
		{B0237515-D750-42EB-AECB-8076D39ED296}.Debug|ARM64.Deploy.0 = Debug|ARM64
		{B0237515-D750-42EB-AECB-8076D39ED296}.Release|ARM.ActiveCfg = Release|ARM
		{B0237515-D750-42EB-AECB-8076D39ED296}.Release|ARM.Build.0 = Release|ARM
		{B0237515-D750-42EB-AECB-8076D39ED296}.Release|ARM.Deploy.0 = Release|ARM
		{B0237515-D750-42EB-AECB-8076D39ED296}.Release|ARM64.ActiveCfg = Release|ARM64
		{B0237515-D750-42EB-AECB-8076D39ED296}.Release|ARM64.Build.0 = Release|ARM64
		{B0237515-D750-42EB-AECB-8076D39ED296}.Release|ARM64.Deploy.0 = Release|ARM64
	EndGlobalSection
	GlobalSection(SolutionProperties) = preSolution
		HideSolutionNode = FALSE
	EndGlobalSection
	GlobalSection(ExtensibilityGlobals) = postSolution
		SolutionGuid = {C5D92DF3-E251-43BD-A43B-6C5EA84020E4}
	EndGlobalSection
EndGlobal
