
Microsoft Visual Studio Solution File, Format Version 12.00
# Visual Studio Version 18
VisualStudioVersion = 18.3.11505.172
MinimumVisualStudioVersion = 10.0.40219.1
Project("{8BC9CEB8-8B4A-11D0-8D11-00A0C91BC942}") = "RCteensy", "RCteensy.vcxproj", "{3A371B29-7AA1-F7C6-5388-37D5D5768B87}"
EndProject
Global
	GlobalSection(SolutionConfigurationPlatforms) = preSolution
		Debug|ARM = Debug|ARM
		Debug|ARM64 = Debug|ARM64
		Release|ARM = Release|ARM
		Release|ARM64 = Release|ARM64
	EndGlobalSection
	GlobalSection(ProjectConfigurationPlatforms) = postSolution
		{3A371B29-7AA1-F7C6-5388-37D5D5768B87}.Debug|ARM.ActiveCfg = Debug|ARM
		{3A371B29-7AA1-F7C6-5388-37D5D5768B87}.Debug|ARM.Build.0 = Debug|ARM
		{3A371B29-7AA1-F7C6-5388-37D5D5768B87}.Debug|ARM.Deploy.0 = Debug|ARM
		{3A371B29-7AA1-F7C6-5388-37D5D5768B87}.Debug|ARM64.ActiveCfg = Debug|ARM64
		{3A371B29-7AA1-F7C6-5388-37D5D5768B87}.Debug|ARM64.Build.0 = Debug|ARM64
		{3A371B29-7AA1-F7C6-5388-37D5D5768B87}.Debug|ARM64.Deploy.0 = Debug|ARM64
		{3A371B29-7AA1-F7C6-5388-37D5D5768B87}.Release|ARM.ActiveCfg = Release|ARM
		{3A371B29-7AA1-F7C6-5388-37D5D5768B87}.Release|ARM.Build.0 = Release|ARM
		{3A371B29-7AA1-F7C6-5388-37D5D5768B87}.Release|ARM.Deploy.0 = Release|ARM
		{3A371B29-7AA1-F7C6-5388-37D5D5768B87}.Release|ARM64.ActiveCfg = Release|ARM64
		{3A371B29-7AA1-F7C6-5388-37D5D5768B87}.Release|ARM64.Build.0 = Release|ARM64
		{3A371B29-7AA1-F7C6-5388-37D5D5768B87}.Release|ARM64.Deploy.0 = Release|ARM64
	EndGlobalSection
	GlobalSection(SolutionProperties) = preSolution
		HideSolutionNode = FALSE
	EndGlobalSection
	GlobalSection(ExtensibilityGlobals) = postSolution
		SolutionGuid = {BDCCC950-EC95-41A9-84C0-124D63D22E05}
	EndGlobalSection
EndGlobal
