
Microsoft Visual Studio Solution File, Format Version 12.00
# Visual Studio Version 17
VisualStudioVersion = 17.3.32929.385
MinimumVisualStudioVersion = 10.0.40219.1
Project("{8BC9CEB8-8B4A-11D0-8D11-00A0C91BC942}") = "AutoSteerTeensy2", "AutoSteerTeensy2.vcxproj", "{F29AC87C-26B5-4850-B3A8-D4131FDEC203}"
EndProject
Global
	GlobalSection(SolutionConfigurationPlatforms) = preSolution
		Debug|ARM = Debug|ARM
		Debug|ARM64 = Debug|ARM64
		Release|ARM = Release|ARM
		Release|ARM64 = Release|ARM64
	EndGlobalSection
	GlobalSection(ProjectConfigurationPlatforms) = postSolution
		{F29AC87C-26B5-4850-B3A8-D4131FDEC203}.Debug|ARM.ActiveCfg = Debug|ARM
		{F29AC87C-26B5-4850-B3A8-D4131FDEC203}.Debug|ARM.Build.0 = Debug|ARM
		{F29AC87C-26B5-4850-B3A8-D4131FDEC203}.Debug|ARM.Deploy.0 = Debug|ARM
		{F29AC87C-26B5-4850-B3A8-D4131FDEC203}.Debug|ARM64.ActiveCfg = Debug|ARM64
		{F29AC87C-26B5-4850-B3A8-D4131FDEC203}.Debug|ARM64.Build.0 = Debug|ARM64
		{F29AC87C-26B5-4850-B3A8-D4131FDEC203}.Debug|ARM64.Deploy.0 = Debug|ARM64
		{F29AC87C-26B5-4850-B3A8-D4131FDEC203}.Release|ARM.ActiveCfg = Release|ARM
		{F29AC87C-26B5-4850-B3A8-D4131FDEC203}.Release|ARM.Build.0 = Release|ARM
		{F29AC87C-26B5-4850-B3A8-D4131FDEC203}.Release|ARM.Deploy.0 = Release|ARM
		{F29AC87C-26B5-4850-B3A8-D4131FDEC203}.Release|ARM64.ActiveCfg = Release|ARM64
		{F29AC87C-26B5-4850-B3A8-D4131FDEC203}.Release|ARM64.Build.0 = Release|ARM64
		{F29AC87C-26B5-4850-B3A8-D4131FDEC203}.Release|ARM64.Deploy.0 = Release|ARM64
	EndGlobalSection
	GlobalSection(SolutionProperties) = preSolution
		HideSolutionNode = FALSE
	EndGlobalSection
	GlobalSection(ExtensibilityGlobals) = postSolution
		SolutionGuid = {0CED651A-7097-4FC5-A76A-3C952A45E701}
	EndGlobalSection
EndGlobal
